// !$*UTF8*$!
{
	archiveVersion = 1;
	classes = {
	};
	objectVersion = 77;
	objects = {

/* Begin PBXBuildFile section */
		8C5F0DA92E35E1CC00E846E8 /* View in Frameworks */ = {isa = PBXBuildFile; productRef = 8C5F0DA82E35E1CC00E846E8 /* View */; };
/* End PBXBuildFile section */

/* Begin PBXFileReference section */
		8C5F0D432E35D62600E846E8 /* ChatDocs.app */ = {isa = PBXFileReference; explicitFileType = wrapper.application; includeInIndex = 0; path = ChatDocs.app; sourceTree = BUILT_PRODUCTS_DIR; };
		8C5F0DA42E35E10300E846E8 /* Model */ = {isa = PBXFileReference; lastKnownFileType = wrapper; path = Model; sourceTree = "<group>"; };
		8C5F0DA52E35E17500E846E8 /* Controller */ = {isa = PBXFileReference; lastKnownFileType = wrapper; path = Controller; sourceTree = "<group>"; };
		8C5F0DA62E35E1A600E846E8 /* View */ = {isa = PBXFileReference; lastKnownFileType = wrapper; path = View; sourceTree = "<group>"; };
/* End PBXFileReference section */

/* Begin PBXFileSystemSynchronizedBuildFileExceptionSet section */
		8C5F0D4F2E35D62700E846E8 /* Exceptions for "ChatDocs" folder in "ChatDocs" target */ = {
			isa = PBXFileSystemSynchronizedBuildFileExceptionSet;
			membershipExceptions = (
				Info.plist,
			);
			target = 8C5F0D422E35D62600E846E8 /* ChatDocs */;
		};
/* End PBXFileSystemSynchronizedBuildFileExceptionSet section */

/* Begin PBXFileSystemSynchronizedRootGroup section */
		8C5F0D452E35D62600E846E8 /* ChatDocs */ = {
			isa = PBXFileSystemSynchronizedRootGroup;
			exceptions = (
				8C5F0D4F2E35D62700E846E8 /* Exceptions for "ChatDocs" folder in "ChatDocs" target */,
			);
			path = ChatDocs;
			sourceTree = "<group>";
		};
/* End PBXFileSystemSynchronizedRootGroup section */

/* Begin PBXFrameworksBuildPhase section */
		8C5F0D402E35D62600E846E8 /* Frameworks */ = {
			isa = PBXFrameworksBuildPhase;
			buildActionMask = 2147483647;
			files = (
				8C5F0DA92E35E1CC00E846E8 /* View in Frameworks */,
			);
			runOnlyForDeploymentPostprocessing = 0;
		};
/* End PBXFrameworksBuildPhase section */

/* Begin PBXGroup section */
		8C5F0D3A2E35D62600E846E8 = {
			isa = PBXGroup;
			children = (
				8C5F0D452E35D62600E846E8 /* ChatDocs */,
				8C5F0DA62E35E1A600E846E8 /* View */,
				8C5F0DA52E35E17500E846E8 /* Controller */,
				8C5F0DA42E35E10300E846E8 /* Model */,
				8C5F0DA72E35E1CC00E846E8 /* Frameworks */,
				8C5F0D442E35D62600E846E8 /* Products */,
			);
			sourceTree = "<group>";
		};
		8C5F0D442E35D62600E846E8 /* Products */ = {
			isa = PBXGroup;
			children = (
				8C5F0D432E35D62600E846E8 /* ChatDocs.app */,
			);
			name = Products;
			sourceTree = "<group>";
		};
		8C5F0DA72E35E1CC00E846E8 /* Frameworks */ = {
			isa = PBXGroup;
			children = (
			);
			name = Frameworks;
			sourceTree = "<group>";
		};
/* End PBXGroup section */

/* Begin PBXNativeTarget section */
		8C5F0D422E35D62600E846E8 /* ChatDocs */ = {
			isa = PBXNativeTarget;
			buildConfigurationList = 8C5F0D502E35D62700E846E8 /* Build configuration list for PBXNativeTarget "ChatDocs" */;
			buildPhases = (
				8C5F0D3F2E35D62600E846E8 /* Sources */,
				8C5F0D402E35D62600E846E8 /* Frameworks */,
				8C5F0D412E35D62600E846E8 /* Resources */,
			);
			buildRules = (
			);
			dependencies = (
			);
			fileSystemSynchronizedGroups = (
				8C5F0D452E35D62600E846E8 /* ChatDocs */,
			);
			name = ChatDocs;
			packageProductDependencies = (
				8C5F0DA82E35E1CC00E846E8 /* View */,
			);
			productName = ChatDocs;
			productReference = 8C5F0D432E35D62600E846E8 /* ChatDocs.app */;
			productType = "com.apple.product-type.application";
		};
/* End PBXNativeTarget section */

/* Begin PBXProject section */
		8C5F0D3B2E35D62600E846E8 /* Project object */ = {
			isa = PBXProject;
			attributes = {
				BuildIndependentTargetsInParallel = 1;
				LastSwiftUpdateCheck = 2600;
				LastUpgradeCheck = 2600;
				TargetAttributes = {
					8C5F0D422E35D62600E846E8 = {
						CreatedOnToolsVersion = 26.0;
					};
				};
			};
			buildConfigurationList = 8C5F0D3E2E35D62600E846E8 /* Build configuration list for PBXProject "ChatDocs" */;
			developmentRegion = en;
			hasScannedForEncodings = 0;
			knownRegions = (
				en,
				Base,
			);
			mainGroup = 8C5F0D3A2E35D62600E846E8;
			minimizedProjectReferenceProxies = 1;
			preferredProjectObjectVersion = 77;
			productRefGroup = 8C5F0D442E35D62600E846E8 /* Products */;
			projectDirPath = "";
			projectRoot = "";
			targets = (
				8C5F0D422E35D62600E846E8 /* ChatDocs */,
			);
		};
/* End PBXProject section */

/* Begin PBXResourcesBuildPhase section */
		8C5F0D412E35D62600E846E8 /* Resources */ = {
			isa = PBXResourcesBuildPhase;
			buildActionMask = 2147483647;
			files = (
			);
			runOnlyForDeploymentPostprocessing = 0;
		};
/* End PBXResourcesBuildPhase section */

/* Begin PBXSourcesBuildPhase section */
		8C5F0D3F2E35D62600E846E8 /* Sources */ = {
			isa = PBXSourcesBuildPhase;
			buildActionMask = 2147483647;
			files = (
			);
			runOnlyForDeploymentPostprocessing = 0;
		};
/* End PBXSourcesBuildPhase section */

/* Begin XCBuildConfiguration section */
		8C5F0D512E35D62700E846E8 /* Debug */ = {
			isa = XCBuildConfiguration;
			baseConfigurationReferenceAnchor = 8C5F0D452E35D62600E846E8 /* ChatDocs */;
			baseConfigurationReferenceRelativePath = XCDebug.xcconfig;
			buildSettings = {
			};
			name = Debug;
		};
		8C5F0D522E35D62700E846E8 /* Release */ = {
			isa = XCBuildConfiguration;
			buildSettings = {
			};
			name = Release;
		};
		8C5F0D532E35D62700E846E8 /* Debug */ = {
			isa = XCBuildConfiguration;
			baseConfigurationReferenceAnchor = 8C5F0D452E35D62600E846E8 /* ChatDocs */;
			baseConfigurationReferenceRelativePath = XCRelease.xcconfig;
			buildSettings = {
				DEVELOPMENT_TEAM = V6ESYGU6CV;
			};
			name = Debug;
		};
		8C5F0D542E35D62700E846E8 /* Release */ = {
			isa = XCBuildConfiguration;
			baseConfigurationReferenceAnchor = 8C5F0D452E35D62600E846E8 /* ChatDocs */;
			baseConfigurationReferenceRelativePath = XCRelease.xcconfig;
			buildSettings = {
				DEVELOPMENT_TEAM = V6ESYGU6CV;
			};
			name = Release;
		};
/* End XCBuildConfiguration section */

/* Begin XCConfigurationList section */
		8C5F0D3E2E35D62600E846E8 /* Build configuration list for PBXProject "ChatDocs" */ = {
			isa = XCConfigurationList;
			buildConfigurations = (
				8C5F0D532E35D62700E846E8 /* Debug */,
				8C5F0D542E35D62700E846E8 /* Release */,
			);
			defaultConfigurationIsVisible = 0;
			defaultConfigurationName = Release;
		};
		8C5F0D502E35D62700E846E8 /* Build configuration list for PBXNativeTarget "ChatDocs" */ = {
			isa = XCConfigurationList;
			buildConfigurations = (
				8C5F0D512E35D62700E846E8 /* Debug */,
				8C5F0D522E35D62700E846E8 /* Release */,
			);
			defaultConfigurationIsVisible = 0;
			defaultConfigurationName = Release;
		};
/* End XCConfigurationList section */

/* Begin XCSwiftPackageProductDependency section */
		8C5F0DA82E35E1CC00E846E8 /* View */ = {
			isa = XCSwiftPackageProductDependency;
			productName = View;
		};
/* End XCSwiftPackageProductDependency section */
	};
	rootObject = 8C5F0D3B2E35D62600E846E8 /* Project object */;
}
